
Microsoft Visual Studio Solution File, Format Version 12.00
# Visual Studio Version 17
VisualStudioVersion = 17.9.34723.18
MinimumVisualStudioVersion = 10.0.40219.1
Project("{FAE04EC0-301F-11D3-BF4B-00C04F79EFBC}") = "Encapsulation", "Encapsulation.csproj", "{8692C12B-660B-4804-9FED-3B850416823A}"
EndProject
Global
	GlobalSection(SolutionConfigurationPlatforms) = preSolution
		Debug|Any CPU = Debug|Any CPU
		Release|Any CPU = Release|Any CPU
	EndGlobalSection
	GlobalSection(ProjectConfigurationPlatforms) = postSolution
		{8692C12B-660B-4804-9FED-3B850416823A}.Debug|Any CPU.ActiveCfg = Debug|Any CPU
		{8692C12B-660B-4804-9FED-3B850416823A}.Debug|Any CPU.Build.0 = Debug|Any CPU
		{8692C12B-660B-4804-9FED-3B850416823A}.Release|Any CPU.ActiveCfg = Release|Any CPU
		{8692C12B-660B-4804-9FED-3B850416823A}.Release|Any CPU.Build.0 = Release|Any CPU
	EndGlobalSection
	GlobalSection(SolutionProperties) = preSolution
		HideSolutionNode = FALSE
	EndGlobalSection
	GlobalSection(ExtensibilityGlobals) = postSolution
		SolutionGuid = {C9B24889-D261-41E1-B4A8-F6DD8C9E6365}
	EndGlobalSection
EndGlobal
